
Microsoft Visual Studio Solution File, Format Version 12.00
# Visual Studio 15
VisualStudioVersion = 15.0.27428.2043
MinimumVisualStudioVersion = 10.0.40219.1
Project("{FAE04EC0-301F-11D3-BF4B-00C04F79EFBC}") = "HelloWorld", "HelloWorld.csproj", "{57D9981D-94CC-4759-B603-492F5A76872A}"
EndProject
Global
	GlobalSection(SolutionConfigurationPlatforms) = preSolution
		Debug|Any CPU = Debug|Any CPU
		Release|Any CPU = Release|Any CPU
	EndGlobalSection
	GlobalSection(ProjectConfigurationPlatforms) = postSolution
		{57D9981D-94CC-4759-B603-492F5A76872A}.Debug|Any CPU.ActiveCfg = Debug|Any CPU
		{57D9981D-94CC-4759-B603-492F5A76872A}.Debug|Any CPU.Build.0 = Debug|Any CPU
		{57D9981D-94CC-4759-B603-492F5A76872A}.Release|Any CPU.ActiveCfg = Release|Any CPU
		{57D9981D-94CC-4759-B603-492F5A76872A}.Release|Any CPU.Build.0 = Release|Any CPU
	EndGlobalSection
	GlobalSection(SolutionProperties) = preSolution
		HideSolutionNode = FALSE
	EndGlobalSection
	GlobalSection(ExtensibilityGlobals) = postSolution
		SolutionGuid = {8B9E8DBE-BCE5-4E06-AB9E-1B87D63B446A}
	EndGlobalSection
EndGlobal
